
Microsoft Visual Studio Solution File, Format Version 12.00
# Visual Studio Version 17
VisualStudioVersion = 17.0.32112.339
MinimumVisualStudioVersion = 10.0.40219.1
Project("{2150E333-8FDC-42A3-9474-1A3956D46DE8}") = "Services", "Services", "{DA5B7F25-2E44-48ED-A26B-6A7AA383F0C4}"
EndProject
Project("{2150E333-8FDC-42A3-9474-1A3956D46DE8}") = "Identity", "Identity", "{CA5719C5-C232-4D62-96E6-0B71B3BB6BAB}"
EndProject
Project("{9A19103F-16F7-4668-BE54-9A1E7A4F7556}") = "Payscrow.Identity.Api", "Services\Identity\Payscrow.Identity.Api\Payscrow.Identity.Api.csproj", "{7AE5C2FB-519D-400D-8FC8-69100B8BA32B}"
EndProject
Project("{E53339B2-1760-4266-BCC7-CA923CBCF16C}") = "docker-compose", "docker-compose.dcproj", "{9C4C1862-12AA-4316-AA2D-83E5E6C40023}"
EndProject
Project("{2150E333-8FDC-42A3-9474-1A3956D46DE8}") = "Presentation", "Presentation", "{B221455F-5993-412A-B58E-7793840C7D14}"
EndProject
Project("{2150E333-8FDC-42A3-9474-1A3956D46DE8}") = "ProjectMilestone", "ProjectMilestone", "{D20D9D77-89B7-4332-B3E6-B0DFEEBC3BC6}"
EndProject
Project("{2150E333-8FDC-42A3-9474-1A3956D46DE8}") = "PaymentInvite", "PaymentInvite", "{D4558E02-7CB0-40D8-939F-B9122B33DF2D}"
EndProject
Project("{9A19103F-16F7-4668-BE54-9A1E7A4F7556}") = "Payscrow.PaymentInvite.Api", "Services\PaymentInvite\Payscrow.PaymentInvite.Api\Payscrow.PaymentInvite.Api.csproj", "{CEB1420B-E553-4823-84ED-CA6BCDE49218}"
EndProject
Project("{9A19103F-16F7-4668-BE54-9A1E7A4F7556}") = "Payscrow.PaymentInvite.Data", "Services\PaymentInvite\Payscrow.PaymentInvite.Data\Payscrow.PaymentInvite.Data.csproj", "{12672FFF-02A5-43E4-85A5-20E16ABCAFE4}"
EndProject
Project("{2150E333-8FDC-42A3-9474-1A3956D46DE8}") = "BuildingBlocks", "BuildingBlocks", "{25DEB648-CE3E-4140-80DF-89D8332EC349}"
EndProject
Project("{2150E333-8FDC-42A3-9474-1A3956D46DE8}") = "ApiGateway", "ApiGateway", "{529E65D0-97F3-45B8-B173-DC67DE17452B}"
EndProject
Project("{9A19103F-16F7-4668-BE54-9A1E7A4F7556}") = "Payscrow.PaymentInvite.Application", "Services\PaymentInvite\Payscrow.PaymentInvite.Application\Payscrow.PaymentInvite.Application.csproj", "{956C9D8A-0052-48FE-84E6-90884A682416}"
EndProject
Project("{9A19103F-16F7-4668-BE54-9A1E7A4F7556}") = "Payscrow.PaymentInvite.Domain", "Services\PaymentInvite\Payscrow.PaymentInvite.Domain\Payscrow.PaymentInvite.Domain.csproj", "{0545EDFD-FCF5-4475-BAB3-9F083252EBCB}"
EndProject
Project("{2150E333-8FDC-42A3-9474-1A3956D46DE8}") = "Core", "Core", "{DEA6D1BD-B64C-4B70-ACB0-B26B191207B1}"
EndProject
Project("{2150E333-8FDC-42A3-9474-1A3956D46DE8}") = "Infrastructure", "Infrastructure", "{B11A9C6F-9DF6-47A9-88CF-4430694511B1}"
EndProject
Project("{9A19103F-16F7-4668-BE54-9A1E7A4F7556}") = "Payscrow.Core", "BuildingBlocks\Payscrow.Core\Payscrow.Core.csproj", "{6CD6CA90-E716-45E7-9075-D73A5AFDC053}"
EndProject
Project("{2150E333-8FDC-42A3-9474-1A3956D46DE8}") = "Escrow", "Escrow", "{0895A195-CAC0-4EBB-B3A5-555E41026E37}"
EndProject
Project("{2150E333-8FDC-42A3-9474-1A3956D46DE8}") = "DisputeResolution", "DisputeResolution", "{C96C1D5A-AACF-4ED5-8618-23DF184ADB35}"
EndProject
Project("{9A19103F-16F7-4668-BE54-9A1E7A4F7556}") = "Payscrow.Infrastructure.RabbitMQBus", "BuildingBlocks\Infrastructure\Payscrow.Infrastructure.RabbitMQBus\Payscrow.Infrastructure.RabbitMQBus.csproj", "{FB2B1875-C5FB-42F8-85A2-9A4BF7949353}"
EndProject
Project("{9A19103F-16F7-4668-BE54-9A1E7A4F7556}") = "Payscrow.Infrastructure.Common", "BuildingBlocks\Infrastructure\Payscrow.Infrastructure.Common\Payscrow.Infrastructure.Common.csproj", "{A3A8C262-FF2B-4027-8A70-BC4BD17597EA}"
EndProject
Project("{2150E333-8FDC-42A3-9474-1A3956D46DE8}") = "Web.Bff", "Web.Bff", "{17E352AE-835C-478F-9DFB-B1D6574B61E3}"
EndProject
Project("{9A19103F-16F7-4668-BE54-9A1E7A4F7556}") = "Payscrow.Web.HttpAggregator", "ApiGateway\Web.Bff\Payscrow.Web.HttpAggregator\Payscrow.Web.HttpAggregator.csproj", "{DCF06620-8293-48BB-9B75-F8022FEACAA3}"
EndProject
Project("{2150E333-8FDC-42A3-9474-1A3956D46DE8}") = "Web.Bff.Admin", "Web.Bff.Admin", "{58848D9E-4732-4B65-9141-9F30D66DEC59}"
EndProject
Project("{2150E333-8FDC-42A3-9474-1A3956D46DE8}") = "Web.Bff.Users", "Web.Bff.Users", "{EBD53916-A10B-4E7F-A89D-9852A5C4DB01}"
EndProject
Project("{2150E333-8FDC-42A3-9474-1A3956D46DE8}") = "Notifications", "Notifications", "{96D0E222-B3F9-4910-940D-E7A33A61D961}"
EndProject
Project("{2150E333-8FDC-42A3-9474-1A3956D46DE8}") = "Api", "Api", "{0369A52F-9AAA-4770-A0D9-E853D5386472}"
EndProject
Project("{9A19103F-16F7-4668-BE54-9A1E7A4F7556}") = "Payscrow.Notifications.Api", "Services\Notifications\Api\Payscrow.Notifications.Api\Payscrow.Notifications.Api.csproj", "{E76B0CD9-97DB-4CAA-B540-87FE3EEA77C1}"
EndProject
Project("{9A19103F-16F7-4668-BE54-9A1E7A4F7556}") = "Payscrow.Escrow.Api", "Services\Escrow\Payscrow.Escrow.Api\Payscrow.Escrow.Api.csproj", "{856A6596-18EA-4D99-A85A-6AA9B25F8658}"
EndProject
Project("{9A19103F-16F7-4668-BE54-9A1E7A4F7556}") = "Payscrow.Escrow.Domain", "Services\Escrow\Payscrow.Escrow.Domain\Payscrow.Escrow.Domain.csproj", "{EE40B2C5-A823-47A0-A433-EAFBE45BE649}"
EndProject
Project("{2150E333-8FDC-42A3-9474-1A3956D46DE8}") = "Payments", "Payments", "{E633DC4D-9D06-4E4F-B592-EF4CDF940C9E}"
EndProject
Project("{9A19103F-16F7-4668-BE54-9A1E7A4F7556}") = "Payscrow.WebUI", "Presentation\Payscrow.WebUI\Payscrow.WebUI.csproj", "{FA16E797-EEC0-4C72-9D15-A638F56E0ADB}"
EndProject
Project("{9A19103F-16F7-4668-BE54-9A1E7A4F7556}") = "Payscrow.Payments.Api", "Services\Payments\Payscrow.Payments.Api\Payscrow.Payments.Api.csproj", "{7AF376A9-1C8C-4AFF-B625-567C5F6F4386}"
EndProject
Project("{9A19103F-16F7-4668-BE54-9A1E7A4F7556}") = "Payscrow.Escrow.Application", "Services\Escrow\Payscrow.Escrow.Application\Payscrow.Escrow.Application.csproj", "{DD752576-6A17-4624-B9D1-FCDF1EA9895B}"
EndProject
Project("{9A19103F-16F7-4668-BE54-9A1E7A4F7556}") = "Payscrow.Escrow.Data", "Services\Escrow\Payscrow.Escrow.Data\Payscrow.Escrow.Data.csproj", "{7FC6880B-86E0-4CA8-9318-ECF65CC108D4}"
EndProject
Project("{9A19103F-16F7-4668-BE54-9A1E7A4F7556}") = "Payscrow.PaymentInvite.UnitTests", "Services\PaymentInvite\Payscrow.PaymentInvite.UnitTests\Payscrow.PaymentInvite.UnitTests.csproj", "{51BFCC04-6C78-44E9-ADC6-8C7B37333D13}"
EndProject
Project("{9A19103F-16F7-4668-BE54-9A1E7A4F7556}") = "Payscrow.ProjectMilestone.Application", "Services\ProjectMilestone\Payscrow.ProjectMilestone.Application\Payscrow.ProjectMilestone.Application.csproj", "{FDCBBFDC-7349-4FBD-9DE5-7E3E7E3BBC48}"
EndProject
Project("{9A19103F-16F7-4668-BE54-9A1E7A4F7556}") = "Payscrow.ProjectMilestone.Api", "Services\ProjectMilestone\Payscrow.ProjectMilestone.Api\Payscrow.ProjectMilestone.Api.csproj", "{5A19F3CB-2732-4263-8E55-B93100C45D64}"
EndProject
Project("{9A19103F-16F7-4668-BE54-9A1E7A4F7556}") = "Payscrow.ProjectMilestone.Data", "Services\ProjectMilestone\Payscrow.ProjectMilestone.Data\Payscrow.ProjectMilestone.Data.csproj", "{5A192509-B468-4D3C-BCF0-F483511A5C3B}"
EndProject
Project("{9A19103F-16F7-4668-BE54-9A1E7A4F7556}") = "Payscrow.DisputeResolution.Application", "Services\DisputeResolution\Payscrow.DisputeResolution.Application\Payscrow.DisputeResolution.Application.csproj", "{BB794DBC-EB13-4063-9F9A-FD312B8C5BE5}"
EndProject
Project("{9A19103F-16F7-4668-BE54-9A1E7A4F7556}") = "Payscrow.DisputeResolution.Api", "Services\DisputeResolution\Payscrow.DisputeResolution.Api\Payscrow.DisputeResolution.Api.csproj", "{DD9315EC-7CF8-4088-B788-539066F2F30C}"
EndProject
Project("{2150E333-8FDC-42A3-9474-1A3956D46DE8}") = "EscrowDirect", "EscrowDirect", "{F4638E20-5780-478C-8285-1E192D7CC6A7}"
EndProject
Project("{9A19103F-16F7-4668-BE54-9A1E7A4F7556}") = "Payscrow.EscrowDirect.Application", "Services\EscrowDirect\Payscrow.EscrowDirect.Application\Payscrow.EscrowDirect.Application.csproj", "{BDCBC2B8-48B7-48CB-8CE3-2CD50658F896}"
EndProject
Project("{9A19103F-16F7-4668-BE54-9A1E7A4F7556}") = "Payscrow.EscrowDirect.Api", "Services\EscrowDirect\Payscrow.EscrowDirect.Api\Payscrow.EscrowDirect.Api.csproj", "{DEAB909A-6C07-4606-9F68-A013F0C6568B}"
EndProject
Project("{9A19103F-16F7-4668-BE54-9A1E7A4F7556}") = "Payscrow.EscrowDirect.Data", "Services\EscrowDirect\Payscrow.EscrowDirect.Data\Payscrow.EscrowDirect.Data.csproj", "{1C50D900-002D-47B1-AA7E-CFD6D620BFF0}"
EndProject
Project("{2150E333-8FDC-42A3-9474-1A3956D46DE8}") = "MarketPlace", "MarketPlace", "{A95EAECC-C033-4A3B-B0E0-5641A09072EE}"
EndProject
Project("{9A19103F-16F7-4668-BE54-9A1E7A4F7556}") = "Payscrow.MarketPlace.Application", "Services\MarketPlace\Payscrow.MarketPlace.Application\Payscrow.MarketPlace.Application.csproj", "{3409A4BE-F8B4-4273-8AE0-D9C0A9AFA4EB}"
EndProject
Project("{9A19103F-16F7-4668-BE54-9A1E7A4F7556}") = "Payscrow.MarketPlace.Api", "Services\MarketPlace\Payscrow.MarketPlace.Api\Payscrow.MarketPlace.Api.csproj", "{EF0F4FF9-E5E4-42BE-9016-613BB8FBD8A5}"
EndProject
Project("{9A19103F-16F7-4668-BE54-9A1E7A4F7556}") = "Payscrow.Admin", "Presentation\Payscrow.Admin\Payscrow.Admin.csproj", "{A52E4F19-9BEC-4278-BF47-70211E5C87A9}"
EndProject
Project("{9A19103F-16F7-4668-BE54-9A1E7A4F7556}") = "Payscrow.DisputeResolution.Data", "..\..\..\v3 - Copy\src\Services\DisputeResolution\Payscrow.DisputeResolution.Data\Payscrow.DisputeResolution.Data.csproj", "{5DD4D413-3A83-475A-ADE0-C74C87F721F9}"
EndProject
Global
	GlobalSection(SolutionConfigurationPlatforms) = preSolution
		Debug|Any CPU = Debug|Any CPU
		Release|Any CPU = Release|Any CPU
	EndGlobalSection
	GlobalSection(ProjectConfigurationPlatforms) = postSolution
		{7AE5C2FB-519D-400D-8FC8-69100B8BA32B}.Debug|Any CPU.ActiveCfg = Debug|Any CPU
		{7AE5C2FB-519D-400D-8FC8-69100B8BA32B}.Debug|Any CPU.Build.0 = Debug|Any CPU
		{7AE5C2FB-519D-400D-8FC8-69100B8BA32B}.Release|Any CPU.ActiveCfg = Release|Any CPU
		{7AE5C2FB-519D-400D-8FC8-69100B8BA32B}.Release|Any CPU.Build.0 = Release|Any CPU
		{9C4C1862-12AA-4316-AA2D-83E5E6C40023}.Debug|Any CPU.ActiveCfg = Debug|Any CPU
		{9C4C1862-12AA-4316-AA2D-83E5E6C40023}.Debug|Any CPU.Build.0 = Debug|Any CPU
		{9C4C1862-12AA-4316-AA2D-83E5E6C40023}.Release|Any CPU.ActiveCfg = Release|Any CPU
		{9C4C1862-12AA-4316-AA2D-83E5E6C40023}.Release|Any CPU.Build.0 = Release|Any CPU
		{CEB1420B-E553-4823-84ED-CA6BCDE49218}.Debug|Any CPU.ActiveCfg = Debug|Any CPU
		{CEB1420B-E553-4823-84ED-CA6BCDE49218}.Debug|Any CPU.Build.0 = Debug|Any CPU
		{CEB1420B-E553-4823-84ED-CA6BCDE49218}.Release|Any CPU.ActiveCfg = Release|Any CPU
		{CEB1420B-E553-4823-84ED-CA6BCDE49218}.Release|Any CPU.Build.0 = Release|Any CPU
		{12672FFF-02A5-43E4-85A5-20E16ABCAFE4}.Debug|Any CPU.ActiveCfg = Debug|Any CPU
		{12672FFF-02A5-43E4-85A5-20E16ABCAFE4}.Debug|Any CPU.Build.0 = Debug|Any CPU
		{12672FFF-02A5-43E4-85A5-20E16ABCAFE4}.Release|Any CPU.ActiveCfg = Release|Any CPU
		{12672FFF-02A5-43E4-85A5-20E16ABCAFE4}.Release|Any CPU.Build.0 = Release|Any CPU
		{956C9D8A-0052-48FE-84E6-90884A682416}.Debug|Any CPU.ActiveCfg = Debug|Any CPU
		{956C9D8A-0052-48FE-84E6-90884A682416}.Debug|Any CPU.Build.0 = Debug|Any CPU
		{956C9D8A-0052-48FE-84E6-90884A682416}.Release|Any CPU.ActiveCfg = Release|Any CPU
		{956C9D8A-0052-48FE-84E6-90884A682416}.Release|Any CPU.Build.0 = Release|Any CPU
		{0545EDFD-FCF5-4475-BAB3-9F083252EBCB}.Debug|Any CPU.ActiveCfg = Debug|Any CPU
		{0545EDFD-FCF5-4475-BAB3-9F083252EBCB}.Debug|Any CPU.Build.0 = Debug|Any CPU
		{0545EDFD-FCF5-4475-BAB3-9F083252EBCB}.Release|Any CPU.ActiveCfg = Release|Any CPU
		{0545EDFD-FCF5-4475-BAB3-9F083252EBCB}.Release|Any CPU.Build.0 = Release|Any CPU
		{6CD6CA90-E716-45E7-9075-D73A5AFDC053}.Debug|Any CPU.ActiveCfg = Debug|Any CPU
		{6CD6CA90-E716-45E7-9075-D73A5AFDC053}.Debug|Any CPU.Build.0 = Debug|Any CPU
		{6CD6CA90-E716-45E7-9075-D73A5AFDC053}.Release|Any CPU.ActiveCfg = Release|Any CPU
		{6CD6CA90-E716-45E7-9075-D73A5AFDC053}.Release|Any CPU.Build.0 = Release|Any CPU
		{FB2B1875-C5FB-42F8-85A2-9A4BF7949353}.Debug|Any CPU.ActiveCfg = Debug|Any CPU
		{FB2B1875-C5FB-42F8-85A2-9A4BF7949353}.Debug|Any CPU.Build.0 = Debug|Any CPU
		{FB2B1875-C5FB-42F8-85A2-9A4BF7949353}.Release|Any CPU.ActiveCfg = Release|Any CPU
		{FB2B1875-C5FB-42F8-85A2-9A4BF7949353}.Release|Any CPU.Build.0 = Release|Any CPU
		{A3A8C262-FF2B-4027-8A70-BC4BD17597EA}.Debug|Any CPU.ActiveCfg = Debug|Any CPU
		{A3A8C262-FF2B-4027-8A70-BC4BD17597EA}.Debug|Any CPU.Build.0 = Debug|Any CPU
		{A3A8C262-FF2B-4027-8A70-BC4BD17597EA}.Release|Any CPU.ActiveCfg = Release|Any CPU
		{A3A8C262-FF2B-4027-8A70-BC4BD17597EA}.Release|Any CPU.Build.0 = Release|Any CPU
		{DCF06620-8293-48BB-9B75-F8022FEACAA3}.Debug|Any CPU.ActiveCfg = Debug|Any CPU
		{DCF06620-8293-48BB-9B75-F8022FEACAA3}.Debug|Any CPU.Build.0 = Debug|Any CPU
		{DCF06620-8293-48BB-9B75-F8022FEACAA3}.Release|Any CPU.ActiveCfg = Release|Any CPU
		{DCF06620-8293-48BB-9B75-F8022FEACAA3}.Release|Any CPU.Build.0 = Release|Any CPU
		{E76B0CD9-97DB-4CAA-B540-87FE3EEA77C1}.Debug|Any CPU.ActiveCfg = Debug|Any CPU
		{E76B0CD9-97DB-4CAA-B540-87FE3EEA77C1}.Debug|Any CPU.Build.0 = Debug|Any CPU
		{E76B0CD9-97DB-4CAA-B540-87FE3EEA77C1}.Release|Any CPU.ActiveCfg = Release|Any CPU
		{E76B0CD9-97DB-4CAA-B540-87FE3EEA77C1}.Release|Any CPU.Build.0 = Release|Any CPU
		{856A6596-18EA-4D99-A85A-6AA9B25F8658}.Debug|Any CPU.ActiveCfg = Debug|Any CPU
		{856A6596-18EA-4D99-A85A-6AA9B25F8658}.Debug|Any CPU.Build.0 = Debug|Any CPU
		{856A6596-18EA-4D99-A85A-6AA9B25F8658}.Release|Any CPU.ActiveCfg = Release|Any CPU
		{856A6596-18EA-4D99-A85A-6AA9B25F8658}.Release|Any CPU.Build.0 = Release|Any CPU
		{EE40B2C5-A823-47A0-A433-EAFBE45BE649}.Debug|Any CPU.ActiveCfg = Debug|Any CPU
		{EE40B2C5-A823-47A0-A433-EAFBE45BE649}.Debug|Any CPU.Build.0 = Debug|Any CPU
		{EE40B2C5-A823-47A0-A433-EAFBE45BE649}.Release|Any CPU.ActiveCfg = Release|Any CPU
		{EE40B2C5-A823-47A0-A433-EAFBE45BE649}.Release|Any CPU.Build.0 = Release|Any CPU
		{FA16E797-EEC0-4C72-9D15-A638F56E0ADB}.Debug|Any CPU.ActiveCfg = Debug|Any CPU
		{FA16E797-EEC0-4C72-9D15-A638F56E0ADB}.Debug|Any CPU.Build.0 = Debug|Any CPU
		{FA16E797-EEC0-4C72-9D15-A638F56E0ADB}.Release|Any CPU.ActiveCfg = Release|Any CPU
		{FA16E797-EEC0-4C72-9D15-A638F56E0ADB}.Release|Any CPU.Build.0 = Release|Any CPU
		{7AF376A9-1C8C-4AFF-B625-567C5F6F4386}.Debug|Any CPU.ActiveCfg = Debug|Any CPU
		{7AF376A9-1C8C-4AFF-B625-567C5F6F4386}.Debug|Any CPU.Build.0 = Debug|Any CPU
		{7AF376A9-1C8C-4AFF-B625-567C5F6F4386}.Release|Any CPU.ActiveCfg = Release|Any CPU
		{7AF376A9-1C8C-4AFF-B625-567C5F6F4386}.Release|Any CPU.Build.0 = Release|Any CPU
		{DD752576-6A17-4624-B9D1-FCDF1EA9895B}.Debug|Any CPU.ActiveCfg = Debug|Any CPU
		{DD752576-6A17-4624-B9D1-FCDF1EA9895B}.Debug|Any CPU.Build.0 = Debug|Any CPU
		{DD752576-6A17-4624-B9D1-FCDF1EA9895B}.Release|Any CPU.ActiveCfg = Release|Any CPU
		{DD752576-6A17-4624-B9D1-FCDF1EA9895B}.Release|Any CPU.Build.0 = Release|Any CPU
		{7FC6880B-86E0-4CA8-9318-ECF65CC108D4}.Debug|Any CPU.ActiveCfg = Debug|Any CPU
		{7FC6880B-86E0-4CA8-9318-ECF65CC108D4}.Debug|Any CPU.Build.0 = Debug|Any CPU
		{7FC6880B-86E0-4CA8-9318-ECF65CC108D4}.Release|Any CPU.ActiveCfg = Release|Any CPU
		{7FC6880B-86E0-4CA8-9318-ECF65CC108D4}.Release|Any CPU.Build.0 = Release|Any CPU
		{51BFCC04-6C78-44E9-ADC6-8C7B37333D13}.Debug|Any CPU.ActiveCfg = Debug|Any CPU
		{51BFCC04-6C78-44E9-ADC6-8C7B37333D13}.Debug|Any CPU.Build.0 = Debug|Any CPU
		{51BFCC04-6C78-44E9-ADC6-8C7B37333D13}.Release|Any CPU.ActiveCfg = Release|Any CPU
		{51BFCC04-6C78-44E9-ADC6-8C7B37333D13}.Release|Any CPU.Build.0 = Release|Any CPU
		{FDCBBFDC-7349-4FBD-9DE5-7E3E7E3BBC48}.Debug|Any CPU.ActiveCfg = Debug|Any CPU
		{FDCBBFDC-7349-4FBD-9DE5-7E3E7E3BBC48}.Debug|Any CPU.Build.0 = Debug|Any CPU
		{FDCBBFDC-7349-4FBD-9DE5-7E3E7E3BBC48}.Release|Any CPU.ActiveCfg = Release|Any CPU
		{FDCBBFDC-7349-4FBD-9DE5-7E3E7E3BBC48}.Release|Any CPU.Build.0 = Release|Any CPU
		{5A19F3CB-2732-4263-8E55-B93100C45D64}.Debug|Any CPU.ActiveCfg = Debug|Any CPU
		{5A19F3CB-2732-4263-8E55-B93100C45D64}.Debug|Any CPU.Build.0 = Debug|Any CPU
		{5A19F3CB-2732-4263-8E55-B93100C45D64}.Release|Any CPU.ActiveCfg = Release|Any CPU
		{5A19F3CB-2732-4263-8E55-B93100C45D64}.Release|Any CPU.Build.0 = Release|Any CPU
		{5A192509-B468-4D3C-BCF0-F483511A5C3B}.Debug|Any CPU.ActiveCfg = Debug|Any CPU
		{5A192509-B468-4D3C-BCF0-F483511A5C3B}.Debug|Any CPU.Build.0 = Debug|Any CPU
		{5A192509-B468-4D3C-BCF0-F483511A5C3B}.Release|Any CPU.ActiveCfg = Release|Any CPU
		{5A192509-B468-4D3C-BCF0-F483511A5C3B}.Release|Any CPU.Build.0 = Release|Any CPU
		{BB794DBC-EB13-4063-9F9A-FD312B8C5BE5}.Debug|Any CPU.ActiveCfg = Debug|Any CPU
		{BB794DBC-EB13-4063-9F9A-FD312B8C5BE5}.Debug|Any CPU.Build.0 = Debug|Any CPU
		{BB794DBC-EB13-4063-9F9A-FD312B8C5BE5}.Release|Any CPU.ActiveCfg = Release|Any CPU
		{BB794DBC-EB13-4063-9F9A-FD312B8C5BE5}.Release|Any CPU.Build.0 = Release|Any CPU
		{DD9315EC-7CF8-4088-B788-539066F2F30C}.Debug|Any CPU.ActiveCfg = Debug|Any CPU
		{DD9315EC-7CF8-4088-B788-539066F2F30C}.Debug|Any CPU.Build.0 = Debug|Any CPU
		{DD9315EC-7CF8-4088-B788-539066F2F30C}.Release|Any CPU.ActiveCfg = Release|Any CPU
		{DD9315EC-7CF8-4088-B788-539066F2F30C}.Release|Any CPU.Build.0 = Release|Any CPU
		{BDCBC2B8-48B7-48CB-8CE3-2CD50658F896}.Debug|Any CPU.ActiveCfg = Debug|Any CPU
		{BDCBC2B8-48B7-48CB-8CE3-2CD50658F896}.Debug|Any CPU.Build.0 = Debug|Any CPU
		{BDCBC2B8-48B7-48CB-8CE3-2CD50658F896}.Release|Any CPU.ActiveCfg = Release|Any CPU
		{BDCBC2B8-48B7-48CB-8CE3-2CD50658F896}.Release|Any CPU.Build.0 = Release|Any CPU
		{DEAB909A-6C07-4606-9F68-A013F0C6568B}.Debug|Any CPU.ActiveCfg = Debug|Any CPU
		{DEAB909A-6C07-4606-9F68-A013F0C6568B}.Debug|Any CPU.Build.0 = Debug|Any CPU
		{DEAB909A-6C07-4606-9F68-A013F0C6568B}.Release|Any CPU.ActiveCfg = Release|Any CPU
		{DEAB909A-6C07-4606-9F68-A013F0C6568B}.Release|Any CPU.Build.0 = Release|Any CPU
		{1C50D900-002D-47B1-AA7E-CFD6D620BFF0}.Debug|Any CPU.ActiveCfg = Debug|Any CPU
		{1C50D900-002D-47B1-AA7E-CFD6D620BFF0}.Debug|Any CPU.Build.0 = Debug|Any CPU
		{1C50D900-002D-47B1-AA7E-CFD6D620BFF0}.Release|Any CPU.ActiveCfg = Release|Any CPU
		{1C50D900-002D-47B1-AA7E-CFD6D620BFF0}.Release|Any CPU.Build.0 = Release|Any CPU
		{3409A4BE-F8B4-4273-8AE0-D9C0A9AFA4EB}.Debug|Any CPU.ActiveCfg = Debug|Any CPU
		{3409A4BE-F8B4-4273-8AE0-D9C0A9AFA4EB}.Debug|Any CPU.Build.0 = Debug|Any CPU
		{3409A4BE-F8B4-4273-8AE0-D9C0A9AFA4EB}.Release|Any CPU.ActiveCfg = Release|Any CPU
		{3409A4BE-F8B4-4273-8AE0-D9C0A9AFA4EB}.Release|Any CPU.Build.0 = Release|Any CPU
		{EF0F4FF9-E5E4-42BE-9016-613BB8FBD8A5}.Debug|Any CPU.ActiveCfg = Debug|Any CPU
		{EF0F4FF9-E5E4-42BE-9016-613BB8FBD8A5}.Debug|Any CPU.Build.0 = Debug|Any CPU
		{EF0F4FF9-E5E4-42BE-9016-613BB8FBD8A5}.Release|Any CPU.ActiveCfg = Release|Any CPU
		{EF0F4FF9-E5E4-42BE-9016-613BB8FBD8A5}.Release|Any CPU.Build.0 = Release|Any CPU
		{A52E4F19-9BEC-4278-BF47-70211E5C87A9}.Debug|Any CPU.ActiveCfg = Debug|Any CPU
		{A52E4F19-9BEC-4278-BF47-70211E5C87A9}.Debug|Any CPU.Build.0 = Debug|Any CPU
		{A52E4F19-9BEC-4278-BF47-70211E5C87A9}.Release|Any CPU.ActiveCfg = Release|Any CPU
		{A52E4F19-9BEC-4278-BF47-70211E5C87A9}.Release|Any CPU.Build.0 = Release|Any CPU
		{5DD4D413-3A83-475A-ADE0-C74C87F721F9}.Debug|Any CPU.ActiveCfg = Debug|Any CPU
		{5DD4D413-3A83-475A-ADE0-C74C87F721F9}.Debug|Any CPU.Build.0 = Debug|Any CPU
		{5DD4D413-3A83-475A-ADE0-C74C87F721F9}.Release|Any CPU.ActiveCfg = Release|Any CPU
		{5DD4D413-3A83-475A-ADE0-C74C87F721F9}.Release|Any CPU.Build.0 = Release|Any CPU
	EndGlobalSection
	GlobalSection(SolutionProperties) = preSolution
		HideSolutionNode = FALSE
	EndGlobalSection
	GlobalSection(NestedProjects) = preSolution
		{CA5719C5-C232-4D62-96E6-0B71B3BB6BAB} = {DA5B7F25-2E44-48ED-A26B-6A7AA383F0C4}
		{7AE5C2FB-519D-400D-8FC8-69100B8BA32B} = {CA5719C5-C232-4D62-96E6-0B71B3BB6BAB}
		{D20D9D77-89B7-4332-B3E6-B0DFEEBC3BC6} = {DA5B7F25-2E44-48ED-A26B-6A7AA383F0C4}
		{D4558E02-7CB0-40D8-939F-B9122B33DF2D} = {DA5B7F25-2E44-48ED-A26B-6A7AA383F0C4}
		{CEB1420B-E553-4823-84ED-CA6BCDE49218} = {D4558E02-7CB0-40D8-939F-B9122B33DF2D}
		{12672FFF-02A5-43E4-85A5-20E16ABCAFE4} = {D4558E02-7CB0-40D8-939F-B9122B33DF2D}
		{956C9D8A-0052-48FE-84E6-90884A682416} = {D4558E02-7CB0-40D8-939F-B9122B33DF2D}
		{0545EDFD-FCF5-4475-BAB3-9F083252EBCB} = {D4558E02-7CB0-40D8-939F-B9122B33DF2D}
		{DEA6D1BD-B64C-4B70-ACB0-B26B191207B1} = {25DEB648-CE3E-4140-80DF-89D8332EC349}
		{B11A9C6F-9DF6-47A9-88CF-4430694511B1} = {25DEB648-CE3E-4140-80DF-89D8332EC349}
		{6CD6CA90-E716-45E7-9075-D73A5AFDC053} = {DEA6D1BD-B64C-4B70-ACB0-B26B191207B1}
		{0895A195-CAC0-4EBB-B3A5-555E41026E37} = {DA5B7F25-2E44-48ED-A26B-6A7AA383F0C4}
		{C96C1D5A-AACF-4ED5-8618-23DF184ADB35} = {DA5B7F25-2E44-48ED-A26B-6A7AA383F0C4}
		{FB2B1875-C5FB-42F8-85A2-9A4BF7949353} = {B11A9C6F-9DF6-47A9-88CF-4430694511B1}
		{A3A8C262-FF2B-4027-8A70-BC4BD17597EA} = {B11A9C6F-9DF6-47A9-88CF-4430694511B1}
		{17E352AE-835C-478F-9DFB-B1D6574B61E3} = {529E65D0-97F3-45B8-B173-DC67DE17452B}
		{DCF06620-8293-48BB-9B75-F8022FEACAA3} = {17E352AE-835C-478F-9DFB-B1D6574B61E3}
		{58848D9E-4732-4B65-9141-9F30D66DEC59} = {529E65D0-97F3-45B8-B173-DC67DE17452B}
		{EBD53916-A10B-4E7F-A89D-9852A5C4DB01} = {529E65D0-97F3-45B8-B173-DC67DE17452B}
		{96D0E222-B3F9-4910-940D-E7A33A61D961} = {DA5B7F25-2E44-48ED-A26B-6A7AA383F0C4}
		{0369A52F-9AAA-4770-A0D9-E853D5386472} = {96D0E222-B3F9-4910-940D-E7A33A61D961}
		{E76B0CD9-97DB-4CAA-B540-87FE3EEA77C1} = {0369A52F-9AAA-4770-A0D9-E853D5386472}
		{856A6596-18EA-4D99-A85A-6AA9B25F8658} = {0895A195-CAC0-4EBB-B3A5-555E41026E37}
		{EE40B2C5-A823-47A0-A433-EAFBE45BE649} = {0895A195-CAC0-4EBB-B3A5-555E41026E37}
		{E633DC4D-9D06-4E4F-B592-EF4CDF940C9E} = {DA5B7F25-2E44-48ED-A26B-6A7AA383F0C4}
		{FA16E797-EEC0-4C72-9D15-A638F56E0ADB} = {B221455F-5993-412A-B58E-7793840C7D14}
		{7AF376A9-1C8C-4AFF-B625-567C5F6F4386} = {E633DC4D-9D06-4E4F-B592-EF4CDF940C9E}
		{DD752576-6A17-4624-B9D1-FCDF1EA9895B} = {0895A195-CAC0-4EBB-B3A5-555E41026E37}
		{7FC6880B-86E0-4CA8-9318-ECF65CC108D4} = {0895A195-CAC0-4EBB-B3A5-555E41026E37}
		{51BFCC04-6C78-44E9-ADC6-8C7B37333D13} = {D4558E02-7CB0-40D8-939F-B9122B33DF2D}
		{FDCBBFDC-7349-4FBD-9DE5-7E3E7E3BBC48} = {D20D9D77-89B7-4332-B3E6-B0DFEEBC3BC6}
		{5A19F3CB-2732-4263-8E55-B93100C45D64} = {D20D9D77-89B7-4332-B3E6-B0DFEEBC3BC6}
		{5A192509-B468-4D3C-BCF0-F483511A5C3B} = {D20D9D77-89B7-4332-B3E6-B0DFEEBC3BC6}
		{BB794DBC-EB13-4063-9F9A-FD312B8C5BE5} = {C96C1D5A-AACF-4ED5-8618-23DF184ADB35}
		{DD9315EC-7CF8-4088-B788-539066F2F30C} = {C96C1D5A-AACF-4ED5-8618-23DF184ADB35}
		{F4638E20-5780-478C-8285-1E192D7CC6A7} = {DA5B7F25-2E44-48ED-A26B-6A7AA383F0C4}
		{BDCBC2B8-48B7-48CB-8CE3-2CD50658F896} = {F4638E20-5780-478C-8285-1E192D7CC6A7}
		{DEAB909A-6C07-4606-9F68-A013F0C6568B} = {F4638E20-5780-478C-8285-1E192D7CC6A7}
		{1C50D900-002D-47B1-AA7E-CFD6D620BFF0} = {F4638E20-5780-478C-8285-1E192D7CC6A7}
		{A95EAECC-C033-4A3B-B0E0-5641A09072EE} = {DA5B7F25-2E44-48ED-A26B-6A7AA383F0C4}
		{3409A4BE-F8B4-4273-8AE0-D9C0A9AFA4EB} = {A95EAECC-C033-4A3B-B0E0-5641A09072EE}
		{EF0F4FF9-E5E4-42BE-9016-613BB8FBD8A5} = {A95EAECC-C033-4A3B-B0E0-5641A09072EE}
		{A52E4F19-9BEC-4278-BF47-70211E5C87A9} = {B221455F-5993-412A-B58E-7793840C7D14}
		{5DD4D413-3A83-475A-ADE0-C74C87F721F9} = {C96C1D5A-AACF-4ED5-8618-23DF184ADB35}
	EndGlobalSection
	GlobalSection(ExtensibilityGlobals) = postSolution
		SolutionGuid = {0CE564B1-712D-4E0C-8A69-83BEB5BB56E7}
	EndGlobalSection
EndGlobal
